
Microsoft Visual Studio Solution File, Format Version 12.00
# Visual Studio Version 17
VisualStudioVersion = 17.8.34511.84
MinimumVisualStudioVersion = 10.0.40219.1
Project("{8BC9CEB8-8B4A-11D0-8D11-00A0C91BC942}") = "lab8", "lab8\lab8.vcxproj", "{42A6B828-1F3A-4E9F-931A-723BA3EA2889}"
EndProject
Project("{8BC9CEB8-8B4A-11D0-8D11-00A0C91BC942}") = "osn", "osn\osn.vcxproj", "{1D7699B8-1879-4A18-8A11-81708F34BF08}"
EndProject
Project("{8BC9CEB8-8B4A-11D0-8D11-00A0C91BC942}") = "dop1", "dop1\dop1.vcxproj", "{ABFCE7DC-4893-4605-BC85-095FF885FCA3}"
EndProject
Project("{8BC9CEB8-8B4A-11D0-8D11-00A0C91BC942}") = "dop2", "dop2\dop2.vcxproj", "{8A727DC1-7F46-4189-9D5F-82152750C987}"
EndProject
Project("{8BC9CEB8-8B4A-11D0-8D11-00A0C91BC942}") = "dop3", "dop3\dop3.vcxproj", "{7ED72C70-14CA-4A99-949F-F996F5D57291}"
EndProject
Global
	GlobalSection(SolutionConfigurationPlatforms) = preSolution
		Debug|x64 = Debug|x64
		Debug|x86 = Debug|x86
		Release|x64 = Release|x64
		Release|x86 = Release|x86
	EndGlobalSection
	GlobalSection(ProjectConfigurationPlatforms) = postSolution
		{42A6B828-1F3A-4E9F-931A-723BA3EA2889}.Debug|x64.ActiveCfg = Debug|x64
		{42A6B828-1F3A-4E9F-931A-723BA3EA2889}.Debug|x64.Build.0 = Debug|x64
		{42A6B828-1F3A-4E9F-931A-723BA3EA2889}.Debug|x86.ActiveCfg = Debug|Win32
		{42A6B828-1F3A-4E9F-931A-723BA3EA2889}.Debug|x86.Build.0 = Debug|Win32
		{42A6B828-1F3A-4E9F-931A-723BA3EA2889}.Release|x64.ActiveCfg = Release|x64
		{42A6B828-1F3A-4E9F-931A-723BA3EA2889}.Release|x64.Build.0 = Release|x64
		{42A6B828-1F3A-4E9F-931A-723BA3EA2889}.Release|x86.ActiveCfg = Release|Win32
		{42A6B828-1F3A-4E9F-931A-723BA3EA2889}.Release|x86.Build.0 = Release|Win32
		{1D7699B8-1879-4A18-8A11-81708F34BF08}.Debug|x64.ActiveCfg = Debug|x64
		{1D7699B8-1879-4A18-8A11-81708F34BF08}.Debug|x64.Build.0 = Debug|x64
		{1D7699B8-1879-4A18-8A11-81708F34BF08}.Debug|x86.ActiveCfg = Debug|Win32
		{1D7699B8-1879-4A18-8A11-81708F34BF08}.Debug|x86.Build.0 = Debug|Win32
		{1D7699B8-1879-4A18-8A11-81708F34BF08}.Release|x64.ActiveCfg = Release|x64
		{1D7699B8-1879-4A18-8A11-81708F34BF08}.Release|x64.Build.0 = Release|x64
		{1D7699B8-1879-4A18-8A11-81708F34BF08}.Release|x86.ActiveCfg = Release|Win32
		{1D7699B8-1879-4A18-8A11-81708F34BF08}.Release|x86.Build.0 = Release|Win32
		{ABFCE7DC-4893-4605-BC85-095FF885FCA3}.Debug|x64.ActiveCfg = Debug|x64
		{ABFCE7DC-4893-4605-BC85-095FF885FCA3}.Debug|x64.Build.0 = Debug|x64
		{ABFCE7DC-4893-4605-BC85-095FF885FCA3}.Debug|x86.ActiveCfg = Debug|Win32
		{ABFCE7DC-4893-4605-BC85-095FF885FCA3}.Debug|x86.Build.0 = Debug|Win32
		{ABFCE7DC-4893-4605-BC85-095FF885FCA3}.Release|x64.ActiveCfg = Release|x64
		{ABFCE7DC-4893-4605-BC85-095FF885FCA3}.Release|x64.Build.0 = Release|x64
		{ABFCE7DC-4893-4605-BC85-095FF885FCA3}.Release|x86.ActiveCfg = Release|Win32
		{ABFCE7DC-4893-4605-BC85-095FF885FCA3}.Release|x86.Build.0 = Release|Win32
		{8A727DC1-7F46-4189-9D5F-82152750C987}.Debug|x64.ActiveCfg = Debug|x64
		{8A727DC1-7F46-4189-9D5F-82152750C987}.Debug|x64.Build.0 = Debug|x64
		{8A727DC1-7F46-4189-9D5F-82152750C987}.Debug|x86.ActiveCfg = Debug|Win32
		{8A727DC1-7F46-4189-9D5F-82152750C987}.Debug|x86.Build.0 = Debug|Win32
		{8A727DC1-7F46-4189-9D5F-82152750C987}.Release|x64.ActiveCfg = Release|x64
		{8A727DC1-7F46-4189-9D5F-82152750C987}.Release|x64.Build.0 = Release|x64
		{8A727DC1-7F46-4189-9D5F-82152750C987}.Release|x86.ActiveCfg = Release|Win32
		{8A727DC1-7F46-4189-9D5F-82152750C987}.Release|x86.Build.0 = Release|Win32
		{7ED72C70-14CA-4A99-949F-F996F5D57291}.Debug|x64.ActiveCfg = Debug|x64
		{7ED72C70-14CA-4A99-949F-F996F5D57291}.Debug|x64.Build.0 = Debug|x64
		{7ED72C70-14CA-4A99-949F-F996F5D57291}.Debug|x86.ActiveCfg = Debug|Win32
		{7ED72C70-14CA-4A99-949F-F996F5D57291}.Debug|x86.Build.0 = Debug|Win32
		{7ED72C70-14CA-4A99-949F-F996F5D57291}.Release|x64.ActiveCfg = Release|x64
		{7ED72C70-14CA-4A99-949F-F996F5D57291}.Release|x64.Build.0 = Release|x64
		{7ED72C70-14CA-4A99-949F-F996F5D57291}.Release|x86.ActiveCfg = Release|Win32
		{7ED72C70-14CA-4A99-949F-F996F5D57291}.Release|x86.Build.0 = Release|Win32
	EndGlobalSection
	GlobalSection(SolutionProperties) = preSolution
		HideSolutionNode = FALSE
	EndGlobalSection
	GlobalSection(ExtensibilityGlobals) = postSolution
		SolutionGuid = {9C94328F-296E-40C7-8D2F-C1232483A0EC}
	EndGlobalSection
EndGlobal
