
Microsoft Visual Studio Solution File, Format Version 12.00
# Visual Studio Version 17
VisualStudioVersion = 17.8.34511.84
MinimumVisualStudioVersion = 10.0.40219.1
Project("{8BC9CEB8-8B4A-11D0-8D11-00A0C91BC942}") = "lab4", "lab4\lab4.vcxproj", "{AB8BE8AD-26BE-415F-BC1F-95EDFBC3F419}"
EndProject
Project("{8BC9CEB8-8B4A-11D0-8D11-00A0C91BC942}") = "tests1", "tests1\tests1.vcxproj", "{B08B59B3-2DC2-41F2-B4D0-344EDB9AE30F}"
EndProject
Global
	GlobalSection(SolutionConfigurationPlatforms) = preSolution
		Debug|x64 = Debug|x64
		Debug|x86 = Debug|x86
		Release|x64 = Release|x64
		Release|x86 = Release|x86
	EndGlobalSection
	GlobalSection(ProjectConfigurationPlatforms) = postSolution
		{AB8BE8AD-26BE-415F-BC1F-95EDFBC3F419}.Debug|x64.ActiveCfg = Debug|x64
		{AB8BE8AD-26BE-415F-BC1F-95EDFBC3F419}.Debug|x64.Build.0 = Debug|x64
		{AB8BE8AD-26BE-415F-BC1F-95EDFBC3F419}.Debug|x86.ActiveCfg = Debug|Win32
		{AB8BE8AD-26BE-415F-BC1F-95EDFBC3F419}.Debug|x86.Build.0 = Debug|Win32
		{AB8BE8AD-26BE-415F-BC1F-95EDFBC3F419}.Release|x64.ActiveCfg = Release|x64
		{AB8BE8AD-26BE-415F-BC1F-95EDFBC3F419}.Release|x64.Build.0 = Release|x64
		{AB8BE8AD-26BE-415F-BC1F-95EDFBC3F419}.Release|x86.ActiveCfg = Release|Win32
		{AB8BE8AD-26BE-415F-BC1F-95EDFBC3F419}.Release|x86.Build.0 = Release|Win32
		{B08B59B3-2DC2-41F2-B4D0-344EDB9AE30F}.Debug|x64.ActiveCfg = Debug|x64
		{B08B59B3-2DC2-41F2-B4D0-344EDB9AE30F}.Debug|x64.Build.0 = Debug|x64
		{B08B59B3-2DC2-41F2-B4D0-344EDB9AE30F}.Debug|x86.ActiveCfg = Debug|Win32
		{B08B59B3-2DC2-41F2-B4D0-344EDB9AE30F}.Debug|x86.Build.0 = Debug|Win32
		{B08B59B3-2DC2-41F2-B4D0-344EDB9AE30F}.Release|x64.ActiveCfg = Release|x64
		{B08B59B3-2DC2-41F2-B4D0-344EDB9AE30F}.Release|x64.Build.0 = Release|x64
		{B08B59B3-2DC2-41F2-B4D0-344EDB9AE30F}.Release|x86.ActiveCfg = Release|Win32
		{B08B59B3-2DC2-41F2-B4D0-344EDB9AE30F}.Release|x86.Build.0 = Release|Win32
	EndGlobalSection
	GlobalSection(SolutionProperties) = preSolution
		HideSolutionNode = FALSE
	EndGlobalSection
	GlobalSection(ExtensibilityGlobals) = postSolution
		SolutionGuid = {D7AE2104-F145-4B2A-ADA2-252C6C24070D}
	EndGlobalSection
EndGlobal
